
Microsoft Visual Studio Solution File, Format Version 12.00
# Visual Studio Version 17
VisualStudioVersion = 17.3.32819.101
MinimumVisualStudioVersion = 10.0.40219.1
Project("{9A19103F-16F7-4668-BE54-9A1E7A4F7556}") = "ReferenceTypes", "ReferenceTypes.csproj", "{D5904A5D-326F-436D-8CEB-D30CB09E69E7}"
EndProject
Project("{FAE04EC0-301F-11D3-BF4B-00C04F79EFBC}") = "Constructors", "..\Constructors\Constructors.csproj", "{AA8D4CEA-8FE0-450C-A47D-7FD06018E9E3}"
EndProject
Global
	GlobalSection(SolutionConfigurationPlatforms) = preSolution
		Debug|Any CPU = Debug|Any CPU
		Release|Any CPU = Release|Any CPU
	EndGlobalSection
	GlobalSection(ProjectConfigurationPlatforms) = postSolution
		{D5904A5D-326F-436D-8CEB-D30CB09E69E7}.Debug|Any CPU.ActiveCfg = Debug|Any CPU
		{D5904A5D-326F-436D-8CEB-D30CB09E69E7}.Debug|Any CPU.Build.0 = Debug|Any CPU
		{D5904A5D-326F-436D-8CEB-D30CB09E69E7}.Release|Any CPU.ActiveCfg = Release|Any CPU
		{D5904A5D-326F-436D-8CEB-D30CB09E69E7}.Release|Any CPU.Build.0 = Release|Any CPU
		{AA8D4CEA-8FE0-450C-A47D-7FD06018E9E3}.Debug|Any CPU.ActiveCfg = Debug|Any CPU
		{AA8D4CEA-8FE0-450C-A47D-7FD06018E9E3}.Debug|Any CPU.Build.0 = Debug|Any CPU
		{AA8D4CEA-8FE0-450C-A47D-7FD06018E9E3}.Release|Any CPU.ActiveCfg = Release|Any CPU
		{AA8D4CEA-8FE0-450C-A47D-7FD06018E9E3}.Release|Any CPU.Build.0 = Release|Any CPU
	EndGlobalSection
	GlobalSection(SolutionProperties) = preSolution
		HideSolutionNode = FALSE
	EndGlobalSection
	GlobalSection(ExtensibilityGlobals) = postSolution
		SolutionGuid = {4EEE3592-712F-4910-AA45-B556548008BE}
	EndGlobalSection
EndGlobal
