
Microsoft Visual Studio Solution File, Format Version 12.00
# Visual Studio Version 17
VisualStudioVersion = 17.3.32819.101
MinimumVisualStudioVersion = 10.0.40219.1
Project("{FAE04EC0-301F-11D3-BF4B-00C04F79EFBC}") = "ThreadingDemo1", "ThreadingDemo1.csproj", "{D4AE29F8-D244-48C4-8E98-49D498E7FA50}"
EndProject
Global
	GlobalSection(SolutionConfigurationPlatforms) = preSolution
		Debug|Any CPU = Debug|Any CPU
		Release|Any CPU = Release|Any CPU
	EndGlobalSection
	GlobalSection(ProjectConfigurationPlatforms) = postSolution
		{D4AE29F8-D244-48C4-8E98-49D498E7FA50}.Debug|Any CPU.ActiveCfg = Debug|Any CPU
		{D4AE29F8-D244-48C4-8E98-49D498E7FA50}.Debug|Any CPU.Build.0 = Debug|Any CPU
		{D4AE29F8-D244-48C4-8E98-49D498E7FA50}.Release|Any CPU.ActiveCfg = Release|Any CPU
		{D4AE29F8-D244-48C4-8E98-49D498E7FA50}.Release|Any CPU.Build.0 = Release|Any CPU
	EndGlobalSection
	GlobalSection(SolutionProperties) = preSolution
		HideSolutionNode = FALSE
	EndGlobalSection
	GlobalSection(ExtensibilityGlobals) = postSolution
		SolutionGuid = {D151A092-8190-4ECC-BED2-430E037EA264}
	EndGlobalSection
EndGlobal
