
Microsoft Visual Studio Solution File, Format Version 12.00
# Visual Studio Version 17
VisualStudioVersion = 17.3.32819.101
MinimumVisualStudioVersion = 10.0.40219.1
Project("{FAE04EC0-301F-11D3-BF4B-00C04F79EFBC}") = "LinqProject", "LinqProject.csproj", "{F23AFB2B-C74C-473E-8111-BA26185EC039}"
EndProject
Global
	GlobalSection(SolutionConfigurationPlatforms) = preSolution
		Debug|Any CPU = Debug|Any CPU
		Release|Any CPU = Release|Any CPU
	EndGlobalSection
	GlobalSection(ProjectConfigurationPlatforms) = postSolution
		{F23AFB2B-C74C-473E-8111-BA26185EC039}.Debug|Any CPU.ActiveCfg = Debug|Any CPU
		{F23AFB2B-C74C-473E-8111-BA26185EC039}.Debug|Any CPU.Build.0 = Debug|Any CPU
		{F23AFB2B-C74C-473E-8111-BA26185EC039}.Release|Any CPU.ActiveCfg = Release|Any CPU
		{F23AFB2B-C74C-473E-8111-BA26185EC039}.Release|Any CPU.Build.0 = Release|Any CPU
	EndGlobalSection
	GlobalSection(SolutionProperties) = preSolution
		HideSolutionNode = FALSE
	EndGlobalSection
	GlobalSection(ExtensibilityGlobals) = postSolution
		SolutionGuid = {7419C4D5-24F8-4629-823E-E2B17B43E8A2}
	EndGlobalSection
EndGlobal
